
Microsoft Visual Studio Solution File, Format Version 12.00
# Visual Studio Version 17
VisualStudioVersion = 17.0.31903.59
MinimumVisualStudioVersion = 10.0.40219.1
Project("{2150E333-8FDC-42A3-9474-1A3956D46DE8}") = "src", "src", "{F2C07BD4-E203-46CE-9845-1C82C47BB04A}"
EndProject
Project("{FAE04EC0-301F-11D3-BF4B-00C04F79EFBC}") = "AuctionService", "src\AuctionService\AuctionService.csproj", "{458030DB-C71C-46EB-A003-A9C7ECAEAFB7}"
EndProject
Global
	GlobalSection(SolutionConfigurationPlatforms) = preSolution
		Debug|Any CPU = Debug|Any CPU
		Release|Any CPU = Release|Any CPU
	EndGlobalSection
	GlobalSection(SolutionProperties) = preSolution
		HideSolutionNode = FALSE
	EndGlobalSection
	GlobalSection(ProjectConfigurationPlatforms) = postSolution
		{458030DB-C71C-46EB-A003-A9C7ECAEAFB7}.Debug|Any CPU.ActiveCfg = Debug|Any CPU
		{458030DB-C71C-46EB-A003-A9C7ECAEAFB7}.Debug|Any CPU.Build.0 = Debug|Any CPU
		{458030DB-C71C-46EB-A003-A9C7ECAEAFB7}.Release|Any CPU.ActiveCfg = Release|Any CPU
		{458030DB-C71C-46EB-A003-A9C7ECAEAFB7}.Release|Any CPU.Build.0 = Release|Any CPU
	EndGlobalSection
	GlobalSection(NestedProjects) = preSolution
		{458030DB-C71C-46EB-A003-A9C7ECAEAFB7} = {F2C07BD4-E203-46CE-9845-1C82C47BB04A}
	EndGlobalSection
EndGlobal
